
Microsoft Visual Studio Solution File, Format Version 12.00
# Visual Studio Version 17
VisualStudioVersion = 17.5.33516.290
MinimumVisualStudioVersion = 10.0.40219.1
Project("{FAE04EC0-301F-11D3-BF4B-00C04F79EFBC}") = "Domain", "Domain\Domain.csproj", "{17FEB094-3367-4D47-ACD5-7F31C8E49F6F}"
EndProject
Project("{FAE04EC0-301F-11D3-BF4B-00C04F79EFBC}") = "DataAccess", "DataAccess\DataAccess.csproj", "{9DA66090-5769-4D38-99C7-F8689F5DB11B}"
EndProject
Project("{FAE04EC0-301F-11D3-BF4B-00C04F79EFBC}") = "Application", "Application\Application.csproj", "{780ECE28-BC45-4918-8D37-58297396A8DE}"
EndProject
Project("{FAE04EC0-301F-11D3-BF4B-00C04F79EFBC}") = "MiniApi", "MiniApi\MiniApi.csproj", "{BC24EA82-AEE0-4968-8654-0B70DE973BDE}"
EndProject
Global
	GlobalSection(SolutionConfigurationPlatforms) = preSolution
		Debug|Any CPU = Debug|Any CPU
		Release|Any CPU = Release|Any CPU
	EndGlobalSection
	GlobalSection(ProjectConfigurationPlatforms) = postSolution
		{17FEB094-3367-4D47-ACD5-7F31C8E49F6F}.Debug|Any CPU.ActiveCfg = Debug|Any CPU
		{17FEB094-3367-4D47-ACD5-7F31C8E49F6F}.Debug|Any CPU.Build.0 = Debug|Any CPU
		{17FEB094-3367-4D47-ACD5-7F31C8E49F6F}.Release|Any CPU.ActiveCfg = Release|Any CPU
		{17FEB094-3367-4D47-ACD5-7F31C8E49F6F}.Release|Any CPU.Build.0 = Release|Any CPU
		{9DA66090-5769-4D38-99C7-F8689F5DB11B}.Debug|Any CPU.ActiveCfg = Debug|Any CPU
		{9DA66090-5769-4D38-99C7-F8689F5DB11B}.Debug|Any CPU.Build.0 = Debug|Any CPU
		{9DA66090-5769-4D38-99C7-F8689F5DB11B}.Release|Any CPU.ActiveCfg = Release|Any CPU
		{9DA66090-5769-4D38-99C7-F8689F5DB11B}.Release|Any CPU.Build.0 = Release|Any CPU
		{780ECE28-BC45-4918-8D37-58297396A8DE}.Debug|Any CPU.ActiveCfg = Debug|Any CPU
		{780ECE28-BC45-4918-8D37-58297396A8DE}.Debug|Any CPU.Build.0 = Debug|Any CPU
		{780ECE28-BC45-4918-8D37-58297396A8DE}.Release|Any CPU.ActiveCfg = Release|Any CPU
		{780ECE28-BC45-4918-8D37-58297396A8DE}.Release|Any CPU.Build.0 = Release|Any CPU
		{BC24EA82-AEE0-4968-8654-0B70DE973BDE}.Debug|Any CPU.ActiveCfg = Debug|Any CPU
		{BC24EA82-AEE0-4968-8654-0B70DE973BDE}.Debug|Any CPU.Build.0 = Debug|Any CPU
		{BC24EA82-AEE0-4968-8654-0B70DE973BDE}.Release|Any CPU.ActiveCfg = Release|Any CPU
		{BC24EA82-AEE0-4968-8654-0B70DE973BDE}.Release|Any CPU.Build.0 = Release|Any CPU
	EndGlobalSection
	GlobalSection(SolutionProperties) = preSolution
		HideSolutionNode = FALSE
	EndGlobalSection
	GlobalSection(ExtensibilityGlobals) = postSolution
		SolutionGuid = {5F72F759-08AB-48C0-808D-E3B7ED55D7AA}
	EndGlobalSection
EndGlobal
